Microsoft Visual Studio Solution File, Format Version 12.00
# Visual Studio Version 17
VisualStudioVersion = 17.14.36301.6 d17.14
MinimumVisualStudioVersion = 10.0.40219.1
Project("{FAE04EC0-301F-11D3-BF4B-00C04F79EFBC}") = "AutoAuction.API", "src\AutoAuction.API\AutoAuction.API.csproj", "{B5E2159E-515A-413C-9503-2A051C1015B2}"
EndProject
Project("{FAE04EC0-301F-11D3-BF4B-00C04F79EFBC}") = "AutoAuction.Application", "src\AutoAuction.Application\AutoAuction.Application.csproj", "{7B15553E-4E51-4031-8B15-553E4E514031}"
EndProject
Project("{FAE04EC0-301F-11D3-BF4B-00C04F79EFBC}") = "AutoAuction.Domain", "src\AutoAuction.Domain\AutoAuction.Domain.csproj", "{29F973CC-96C4-41BD-B3B4-040A04113BC4}"
EndProject
Project("{FAE04EC0-301F-11D3-BF4B-00C04F79EFBC}") = "AutoAuction.Infrastructure", "src\AutoAuction.Infrastructure\AutoAuction.Infrastructure.csproj", "{F3027386-F92D-4055-93AE-9B5E0B5FEA15}"
EndProject
Project("{FAE04EC0-301F-11D3-BF4B-00C04F79EFBC}") = "AutoAuction.CrossCutting", "src\AutoAuction.CrossCutting\AutoAuction.CrossCutting.csproj", "{D5DAD284-78F6-4233-9CB0-F6517E342C44}"
EndProject
Project("{FAE04EC0-301F-11D3-BF4B-00C04F79EFBC}") = "AutoAuction.UnitTests", "tests\AutoAuction.UnitTests\AutoAuction.UnitTests.csproj", "{3826E3A1-A8A7-47F5-86F9-94E272D77427}"
EndProject
Project("{FAE04EC0-301F-11D3-BF4B-00C04F79EFBC}") = "AutoAuction.IntegrationTests", "tests\AutoAuction.IntegrationTests\AutoAuction.IntegrationTests.csproj", "{C3E25FC1-CC67-42B4-BDDE-C957479AFD8A}"
EndProject
Project("{2150E333-8FDC-42A3-9474-1A3956D46DE8}") = "src", "src", "{02EA681E-C7D8-13C7-8484-4AC65E1B71E8}"
EndProject
Project("{2150E333-8FDC-42A3-9474-1A3956D46DE8}") = "tests", "tests", "{CFDB7FC6-58B8-4AF4-83B0-1BB7C4DE24E1}"
EndProject
Project("{2150E333-8FDC-42A3-9474-1A3956D46DE8}") = "Solution Items", "Solution Items", "{8EC462FD-D22E-90A8-E5CE-7E832BA40C5D}"
	ProjectSection(SolutionItems) = preProject
		docker-compose.yml = docker-compose.yml
	EndProjectSection
EndProject
Global
	GlobalSection(SolutionConfigurationPlatforms) = preSolution
		Debug|Any CPU = Debug|Any CPU
		Release|Any CPU = Release|Any CPU
	EndGlobalSection
	GlobalSection(ProjectConfigurationPlatforms) = postSolution
		{B5E2159E-515A-413C-9503-2A051C1015B2}.Debug|Any CPU.ActiveCfg = Debug|Any CPU
		{B5E2159E-515A-413C-9503-2A051C1015B2}.Debug|Any CPU.Build.0 = Debug|Any CPU
		{B5E2159E-515A-413C-9503-2A051C1015B2}.Release|Any CPU.ActiveCfg = Release|Any CPU
		{B5E2159E-515A-413C-9503-2A051C1015B2}.Release|Any CPU.Build.0 = Release|Any CPU
		{7B15553E-4E51-4031-8B15-553E4E514031}.Debug|Any CPU.ActiveCfg = Debug|Any CPU
		{7B15553E-4E51-4031-8B15-553E4E514031}.Debug|Any CPU.Build.0 = Debug|Any CPU
		{7B15553E-4E51-4031-8B15-553E4E514031}.Release|Any CPU.ActiveCfg = Release|Any CPU
		{7B15553E-4E51-4031-8B15-553E4E514031}.Release|Any CPU.Build.0 = Release|Any CPU
		{29F973CC-96C4-41BD-B3B4-040A04113BC4}.Debug|Any CPU.ActiveCfg = Debug|Any CPU
		{29F973CC-96C4-41BD-B3B4-040A04113BC4}.Debug|Any CPU.Build.0 = Debug|Any CPU
		{29F973CC-96C4-41BD-B3B4-040A04113BC4}.Release|Any CPU.ActiveCfg = Release|Any CPU
		{29F973CC-96C4-41BD-B3B4-040A04113BC4}.Release|Any CPU.Build.0 = Release|Any CPU
		{F3027386-F92D-4055-93AE-9B5E0B5FEA15}.Debug|Any CPU.ActiveCfg = Debug|Any CPU
		{F3027386-F92D-4055-93AE-9B5E0B5FEA15}.Debug|Any CPU.Build.0 = Debug|Any CPU
		{F3027386-F92D-4055-93AE-9B5E0B5FEA15}.Release|Any CPU.ActiveCfg = Release|Any CPU
		{F3027386-F92D-4055-93AE-9B5E0B5FEA15}.Release|Any CPU.Build.0 = Release|Any CPU
		{D5DAD284-78F6-4233-9CB0-F6517E342C44}.Debug|Any CPU.ActiveCfg = Debug|Any CPU
		{D5DAD284-78F6-4233-9CB0-F6517E342C44}.Debug|Any CPU.Build.0 = Debug|Any CPU
		{D5DAD284-78F6-4233-9CB0-F6517E342C44}.Release|Any CPU.ActiveCfg = Release|Any CPU
		{D5DAD284-78F6-4233-9CB0-F6517E342C44}.Release|Any CPU.Build.0 = Release|Any CPU
		{3826E3A1-A8A7-47F5-86F9-94E272D77427}.Debug|Any CPU.ActiveCfg = Debug|Any CPU
		{3826E3A1-A8A7-47F5-86F9-94E272D77427}.Debug|Any CPU.Build.0 = Debug|Any CPU
		{3826E3A1-A8A7-47F5-86F9-94E272D77427}.Release|Any CPU.ActiveCfg = Release|Any CPU
		{3826E3A1-A8A7-47F5-86F9-94E272D77427}.Release|Any CPU.Build.0 = Release|Any CPU
		{C3E25FC1-CC67-42B4-BDDE-C957479AFD8A}.Debug|Any CPU.ActiveCfg = Debug|Any CPU
		{C3E25FC1-CC67-42B4-BDDE-C957479AFD8A}.Debug|Any CPU.Build.0 = Debug|Any CPU
		{C3E25FC1-CC67-42B4-BDDE-C957479AFD8A}.Release|Any CPU.ActiveCfg = Release|Any CPU
		{C3E25FC1-CC67-42B4-BDDE-C957479AFD8A}.Release|Any CPU.Build.0 = Release|Any CPU
	EndGlobalSection
	GlobalSection(SolutionProperties) = preSolution
		HideSolutionNode = FALSE
	EndGlobalSection
	GlobalSection(NestedProjects) = preSolution
		{B5E2159E-515A-413C-9503-2A051C1015B2} = {02EA681E-C7D8-13C7-8484-4AC65E1B71E8}
		{7B15553E-4E51-4031-8B15-553E4E514031} = {02EA681E-C7D8-13C7-8484-4AC65E1B71E8}
		{29F973CC-96C4-41BD-B3B4-040A04113BC4} = {02EA681E-C7D8-13C7-8484-4AC65E1B71E8}
		{F3027386-F92D-4055-93AE-9B5E0B5FEA15} = {02EA681E-C7D8-13C7-8484-4AC65E1B71E8}
		{D5DAD284-78F6-4233-9CB0-F6517E342C44} = {02EA681E-C7D8-13C7-8484-4AC65E1B71E8}
		{3826E3A1-A8A7-47F5-86F9-94E272D77427} = {CFDB7FC6-58B8-4AF4-83B0-1BB7C4DE24E1}
		{C3E25FC1-CC67-42B4-BDDE-C957479AFD8A} = {CFDB7FC6-58B8-4AF4-83B0-1BB7C4DE24E1}
	EndGlobalSection
	GlobalSection(ExtensibilityGlobals) = postSolution
		SolutionGuid = {EAF12ACB-B328-4CE3-B9DD-C68163DFF574}
	EndGlobalSection
EndGlobal
