Microsoft Visual Studio Solution File, Format Version 12.00
# Visual Studio 15
VisualStudioVersion = 15.0.26228.4
MinimumVisualStudioVersion = 10.0.40219.1
Project("{FAE04EC0-301F-11D3-BF4B-00C04F79EFBC}") = "AutoAuction.API", "src\AutoAuction.API\AutoAuction.API.csproj", "{B5E2159E-515A-413C-9503-2A051C1015B2}"
EndProject
Project("{FAE04EC0-301F-11D3-BF4B-00C04F79EFBC}") = "AutoAuction.Application", "src\AutoAuction.Application\AutoAuction.Application.csproj", "{7B15553E-4E51-4031-8B15-553E4E514031}"
EndProject
Project("{FAE04EC0-301F-11D3-BF4B-00C04F79EFBC}") = "AutoAuction.Domain", "src\AutoAuction.Domain\AutoAuction.Domain.csproj", "{7B15553E-4E51-4031-8B15-553E4E514031}"
EndProject
Project("{FAE04EC0-301F-11D3-BF4B-00C04F79EFBC}") = "AutoAuction.Infrastructure", "src\AutoAuction.Infrastructure\AutoAuction.Infrastructure.csproj", "{7B15553E-4E51-4031-8B15-553E4E514031}"
EndProject
Project("{FAE04EC0-301F-11D3-BF4B-00C04F79EFBC}") = "AutoAuction.CrossCutting", "src\AutoAuction.CrossCutting\AutoAuction.CrossCutting.csproj", "{7B15553E-4E51-4031-8B15-553E4E514031}"
EndProject
Project("{FAE04EC0-301F-11D3-BF4B-00C04F79EFBC}") = "AutoAuction.ConsoleApp", "src\AutoAuction.ConsoleApp\AutoAuction.ConsoleApp.csproj", "{7B15553E-4E51-4031-8B15-553E4E514031}"
EndProject
Project("{FAE04EC0-301F-11D3-BF4B-00C04F79EFBC}") = "AutoAuction.UnitTests", "tests\AutoAuction.UnitTests\AutoAuction.UnitTests.csproj", "{7B15553E-4E51-4031-8B15-553E4E514031}"
EndProject
Project("{FAE04EC0-301F-11D3-BF4B-00C04F79EFBC}") = "AutoAuction.IntegrationTests", "tests\AutoAuction.IntegrationTests\AutoAuction.IntegrationTests.csproj", "{7B15553E-4E51-4031-8B15-553E4E514031}"
EndProject
Project("{2150E333-8FDC-42A3-9474-1A3956D46DE8}") = "src", "src", "{02EA681E-C7D8-13C7-8484-4AC65E1B71E8}"
EndProject
Project("{2150E333-8FDC-42A3-9474-1A3956D46DE8}") = "tests", "tests", "{CFDB7FC6-58B8-4AF4-83B0-1BB7C4DE24E1}"
EndProject
Global
	GlobalSection(SolutionConfigurationPlatforms) = preSolution
		Debug|Any CPU = Debug|Any CPU
		Release|Any CPU = Release|Any CPU
	EndGlobalSection
	GlobalSection(ProjectConfigurationPlatforms) = postSolution
		{B6B2963E-515A-4E52-8A5C-4555B155C101}.Debug|Any CPU.ActiveCfg = Debug|Any CPU
		{B6B2963E-515A-4E52-8A5C-4555B155C101}.Debug|Any CPU.Build.0 = Debug|Any CPU
		{B6B2963E-515A-4E52-8A5C-4555B155C101}.Release|Any CPU.ActiveCfg = Release|Any CPU
		{B6B2963E-515A-4E52-8A5C-4555B155C101}.Release|Any CPU.Build.0 = Release|Any CPU
		{B6B2963F-515A-4E52-8A5C-4555B155C101}.Debug|Any CPU.ActiveCfg = Debug|Any CPU
		{B6B2963F-515A-4E52-8A5C-4555B155C101}.Debug|Any CPU.Build.0 = Debug|Any CPU
		{B6B2963F-515A-4E52-8A5C-4555B155C101}.Release|Any CPU.ActiveCfg = Release|Any CPU
		{B6B2963F-515A-4E52-8A5C-4555B155C101}.Release|Any CPU.Build.0 = Release|Any CPU
		{B6B29640-515A-4E52-8A5C-4555B155C101}.Debug|Any CPU.ActiveCfg = Debug|Any CPU
		{B6B29640-515A-4E52-8A5C-4555B155C101}.Debug|Any CPU.Build.0 = Debug|Any CPU
		{B6B29640-515A-4E52-8A5C-4555B155C101}.Release|Any CPU.ActiveCfg = Release|Any CPU
		{B6B29640-515A-4E52-8A5C-4555B155C101}.Release|Any CPU.Build.0 = Release|Any CPU
		{B6B29641-515A-4E52-8A5C-4555B155C101}.Debug|Any CPU.ActiveCfg = Debug|Any CPU
		{B6B29641-515A-4E52-8A5C-4555B155C101}.Debug|Any CPU.Build.0 = Debug|Any CPU
		{B6B29641-515A-4E52-8A5C-4555B155C101}.Release|Any CPU.ActiveCfg = Release|Any CPU
		{B6B29641-515A-4E52-8A5C-4555B155C101}.Release|Any CPU.Build.0 = Release|Any CPU
		{B6B29642-515A-4E52-8A5C-4555B155C101}.Debug|Any CPU.ActiveCfg = Debug|Any CPU
		{B6B29642-515A-4E52-8A5C-4555B155C101}.Debug|Any CPU.Build.0 = Debug|Any CPU
		{B6B29642-515A-4E52-8A5C-4555B155C101}.Release|Any CPU.ActiveCfg = Release|Any CPU
		{B6B29642-515A-4E52-8A5C-4555B155C101}.Release|Any CPU.Build.0 = Release|Any CPU
		{B6B29643-515A-4E52-8A5C-4555B155C101}.Debug|Any CPU.ActiveCfg = Debug|Any CPU
		{B6B29643-515A-4E52-8A5C-4555B155C101}.Debug|Any CPU.Build.0 = Debug|Any CPU
		{B6B29643-515A-4E52-8A5C-4555B155C101}.Release|Any CPU.ActiveCfg = Release|Any CPU
		{B6B29643-515A-4E52-8A5C-4555B155C101}.Release|Any CPU.Build.0 = Release|Any CPU
		{B6B29644-515A-4E52-8A5C-4555B155C101}.Debug|Any CPU.ActiveCfg = Debug|Any CPU
		{B6B29644-515A-4E52-8A5C-4555B155C101}.Debug|Any CPU.Build.0 = Debug|Any CPU
		{B6B29644-515A-4E52-8A5C-4555B155C101}.Release|Any CPU.ActiveCfg = Release|Any CPU
		{B6B29644-515A-4E52-8A5C-4555B155C101}.Release|Any CPU.Build.0 = Release|Any CPU
	EndGlobalSection
	GlobalSection(SolutionProperties) = preSolution
		HideSolutionNode = FALSE
	EndGlobalSection
	GlobalSection(NestedProjects) = preSolution
		{B6B2963E-515A-4E52-8A5C-4555B155C101} = {02EA681E-C7D8-13C7-8484-4AC65E1B71E8}
		{B6B2963F-515A-4E52-8A5C-4555B155C101} = {02EA681E-C7D8-13C7-8484-4AC65E1B71E8}
		{B6B29640-515A-4E52-8A5C-4555B155C101} = {02EA681E-C7D8-13C7-8484-4AC65E1B71E8}
		{B6B29641-515A-4E52-8A5C-4555B155C101} = {02EA681E-C7D8-13C7-8484-4AC65E1B71E8}
		{B6B29642-515A-4E52-8A5C-4555B155C101} = {02EA681E-C7D8-13C7-8484-4AC65E1B71E8}
		{B6B29643-515A-4E52-8A5C-4555B155C101} = {CFDB7FC6-58B8-4AF4-83B0-1BB7C4DE24E1}
		{B6B29644-515A-4E52-8A5C-4555B155C101} = {CFDB7FC6-58B8-4AF4-83B0-1BB7C4DE24E1}
	EndGlobalSection
EndGlobal
